// !$*UTF8*$!
{
	archiveVersion = 1;
	classes = {
	};
	objectVersion = 46;
	objects = {

/* Begin PBXBuildFile section */
		03A8DAB970A9D72D184DEF45 /* Pods.framework in Frameworks */ = {isa = PBXBuildFile; fileRef = 1B392F00A1547D474DCF1A74 /* Pods.framework */; };
		6B66F19A1A96580600220D49 /* TableViewController.swift in Sources */ = {isa = PBXBuildFile; fileRef = 6B66F1991A96580600220D49 /* TableViewController.swift */; };
		6B96BD421AD43FCD0030D1CC /* Sound.swift in Sources */ = {isa = PBXBuildFile; fileRef = 6B96BD411AD43FCD0030D1CC /* Sound.swift */; };
		6BB9236F1A6ED39D007F008F /* AppDelegate.swift in Sources */ = {isa = PBXBuildFile; fileRef = 6BB9236E1A6ED39D007F008F /* AppDelegate.swift */; };
		6BB923761A6ED39D007F008F /* Images.xcassets in Resources */ = {isa = PBXBuildFile; fileRef = 6BB923751A6ED39D007F008F /* Images.xcassets */; };
		6BB923791A6ED39D007F008F /* LaunchScreen.xib in Resources */ = {isa = PBXBuildFile; fileRef = 6BB923771A6ED39D007F008F /* LaunchScreen.xib */; };
		6BB923851A6ED39D007F008F /* mattscrazyappTests.swift in Sources */ = {isa = PBXBuildFile; fileRef = 6BB923841A6ED39D007F008F /* mattscrazyappTests.swift */; };
		6BEA2AFA1AAF66B300B4307F /* TableViewCell.swift in Sources */ = {isa = PBXBuildFile; fileRef = 6BEA2AF91AAF66B300B4307F /* TableViewCell.swift */; };
/* End PBXBuildFile section */

/* Begin PBXContainerItemProxy section */
		6BB9237F1A6ED39D007F008F /* PBXContainerItemProxy */ = {
			isa = PBXContainerItemProxy;
			containerPortal = 6BB923611A6ED39D007F008F /* Project object */;
			proxyType = 1;
			remoteGlobalIDString = 6BB923681A6ED39D007F008F;
			remoteInfo = mattscrazyapp;
		};
/* End PBXContainerItemProxy section */

/* Begin PBXFileReference section */
		1B392F00A1547D474DCF1A74 /* Pods.framework */ = {isa = PBXFileReference; explicitFileType = wrapper.framework; includeInIndex = 0; path = Pods.framework; sourceTree = BUILT_PRODUCTS_DIR; };
		2FC287D51CCC083461E7EE42 /* Pods.debug.xcconfig */ = {isa = PBXFileReference; includeInIndex = 1; lastKnownFileType = text.xcconfig; name = Pods.debug.xcconfig; path = "Pods/Target Support Files/Pods/Pods.debug.xcconfig"; sourceTree = "<group>"; };
		60BC485937E774C443DB82A1 /* Pods.release.xcconfig */ = {isa = PBXFileReference; includeInIndex = 1; lastKnownFileType = text.xcconfig; name = Pods.release.xcconfig; path = "Pods/Target Support Files/Pods/Pods.release.xcconfig"; sourceTree = "<group>"; };
		6B66F1991A96580600220D49 /* TableViewController.swift */ = {isa = PBXFileReference; fileEncoding = 4; lastKnownFileType = sourcecode.swift; name = TableViewController.swift; path = ../TableViewController.swift; sourceTree = "<group>"; };
		6B96BD411AD43FCD0030D1CC /* Sound.swift */ = {isa = PBXFileReference; fileEncoding = 4; lastKnownFileType = sourcecode.swift; path = Sound.swift; sourceTree = "<group>"; };
		6BB923691A6ED39D007F008F /* MovementMonitor.app */ = {isa = PBXFileReference; explicitFileType = wrapper.application; includeInIndex = 0; path = MovementMonitor.app; sourceTree = BUILT_PRODUCTS_DIR; };
		6BB9236D1A6ED39D007F008F /* Info.plist */ = {isa = PBXFileReference; lastKnownFileType = text.plist.xml; path = Info.plist; sourceTree = "<group>"; };
		6BB9236E1A6ED39D007F008F /* AppDelegate.swift */ = {isa = PBXFileReference; lastKnownFileType = sourcecode.swift; path = AppDelegate.swift; sourceTree = "<group>"; };
		6BB923751A6ED39D007F008F /* Images.xcassets */ = {isa = PBXFileReference; lastKnownFileType = folder.assetcatalog; path = Images.xcassets; sourceTree = "<group>"; };
		6BB923781A6ED39D007F008F /* Base */ = {isa = PBXFileReference; lastKnownFileType = file.xib; name = Base; path = Base.lproj/LaunchScreen.xib; sourceTree = "<group>"; };
		6BB9237E1A6ED39D007F008F /* MovementMonitorTests.xctest */ = {isa = PBXFileReference; explicitFileType = wrapper.cfbundle; includeInIndex = 0; path = MovementMonitorTests.xctest; sourceTree = BUILT_PRODUCTS_DIR; };
		6BB923831A6ED39D007F008F /* Info.plist */ = {isa = PBXFileReference; lastKnownFileType = text.plist.xml; path = Info.plist; sourceTree = "<group>"; };
		6BB923841A6ED39D007F008F /* mattscrazyappTests.swift */ = {isa = PBXFileReference; lastKnownFileType = sourcecode.swift; path = mattscrazyappTests.swift; sourceTree = "<group>"; };
		6BEA2AF91AAF66B300B4307F /* TableViewCell.swift */ = {isa = PBXFileReference; fileEncoding = 4; lastKnownFileType = sourcecode.swift; path = TableViewCell.swift; sourceTree = "<group>"; };
/* End PBXFileReference section */

/* Begin PBXFrameworksBuildPhase section */
		6BB923661A6ED39D007F008F /* Frameworks */ = {
			isa = PBXFrameworksBuildPhase;
			buildActionMask = 2147483647;
			files = (
				03A8DAB970A9D72D184DEF45 /* Pods.framework in Frameworks */,
			);
			runOnlyForDeploymentPostprocessing = 0;
		};
		6BB9237B1A6ED39D007F008F /* Frameworks */ = {
			isa = PBXFrameworksBuildPhase;
			buildActionMask = 2147483647;
			files = (
			);
			runOnlyForDeploymentPostprocessing = 0;
		};
/* End PBXFrameworksBuildPhase section */

/* Begin PBXGroup section */
		6BB923601A6ED39D007F008F = {
			isa = PBXGroup;
			children = (
				6BB9236B1A6ED39D007F008F /* MovementMonitor */,
				6BB923811A6ED39D007F008F /* MovementMonitorTests */,
				6BB9236A1A6ED39D007F008F /* Products */,
				869DFFEF5EE5367C6B23B884 /* Pods */,
				AF1612567E7443460DB3ED8F /* Frameworks */,
			);
			sourceTree = "<group>";
		};
		6BB9236A1A6ED39D007F008F /* Products */ = {
			isa = PBXGroup;
			children = (
				6BB923691A6ED39D007F008F /* MovementMonitor.app */,
				6BB9237E1A6ED39D007F008F /* MovementMonitorTests.xctest */,
			);
			name = Products;
			sourceTree = "<group>";
		};
		6BB9236B1A6ED39D007F008F /* MovementMonitor */ = {
			isa = PBXGroup;
			children = (
				6BB9236E1A6ED39D007F008F /* AppDelegate.swift */,
				6B66F1991A96580600220D49 /* TableViewController.swift */,
				6BEA2AF91AAF66B300B4307F /* TableViewCell.swift */,
				6B96BD411AD43FCD0030D1CC /* Sound.swift */,
				6BB923751A6ED39D007F008F /* Images.xcassets */,
				6BB923771A6ED39D007F008F /* LaunchScreen.xib */,
				6BB9236C1A6ED39D007F008F /* Supporting Files */,
			);
			path = MovementMonitor;
			sourceTree = "<group>";
		};
		6BB9236C1A6ED39D007F008F /* Supporting Files */ = {
			isa = PBXGroup;
			children = (
				6BB9236D1A6ED39D007F008F /* Info.plist */,
			);
			name = "Supporting Files";
			sourceTree = "<group>";
		};
		6BB923811A6ED39D007F008F /* MovementMonitorTests */ = {
			isa = PBXGroup;
			children = (
				6BB923841A6ED39D007F008F /* mattscrazyappTests.swift */,
				6BB923821A6ED39D007F008F /* Supporting Files */,
			);
			path = MovementMonitorTests;
			sourceTree = "<group>";
		};
		6BB923821A6ED39D007F008F /* Supporting Files */ = {
			isa = PBXGroup;
			children = (
				6BB923831A6ED39D007F008F /* Info.plist */,
			);
			name = "Supporting Files";
			sourceTree = "<group>";
		};
		869DFFEF5EE5367C6B23B884 /* Pods */ = {
			isa = PBXGroup;
			children = (
				2FC287D51CCC083461E7EE42 /* Pods.debug.xcconfig */,
				60BC485937E774C443DB82A1 /* Pods.release.xcconfig */,
			);
			name = Pods;
			sourceTree = "<group>";
		};
		AF1612567E7443460DB3ED8F /* Frameworks */ = {
			isa = PBXGroup;
			children = (
				1B392F00A1547D474DCF1A74 /* Pods.framework */,
			);
			name = Frameworks;
			sourceTree = "<group>";
		};
/* End PBXGroup section */

/* Begin PBXNativeTarget section */
		6BB923681A6ED39D007F008F /* MovementMonitor */ = {
			isa = PBXNativeTarget;
			buildConfigurationList = 6BB923881A6ED39D007F008F /* Build configuration list for PBXNativeTarget "MovementMonitor" */;
			buildPhases = (
				813DC6FE5DD4B2DEC7E6D3FD /* Check Pods Manifest.lock */,
				6BB923651A6ED39D007F008F /* Sources */,
				6BB923661A6ED39D007F008F /* Frameworks */,
				6BB923671A6ED39D007F008F /* Resources */,
				101371F989C09EF3B30C38FE /* Embed Pods Frameworks */,
				F12CF7DFD095285B272EF9A4 /* Copy Pods Resources */,
			);
			buildRules = (
			);
			dependencies = (
			);
			name = MovementMonitor;
			productName = mattscrazyapp;
			productReference = 6BB923691A6ED39D007F008F /* MovementMonitor.app */;
			productType = "com.apple.product-type.application";
		};
		6BB9237D1A6ED39D007F008F /* MovementMonitorTests */ = {
			isa = PBXNativeTarget;
			buildConfigurationList = 6BB9238B1A6ED39D007F008F /* Build configuration list for PBXNativeTarget "MovementMonitorTests" */;
			buildPhases = (
				6BB9237A1A6ED39D007F008F /* Sources */,
				6BB9237B1A6ED39D007F008F /* Frameworks */,
				6BB9237C1A6ED39D007F008F /* Resources */,
			);
			buildRules = (
			);
			dependencies = (
				6BB923801A6ED39D007F008F /* PBXTargetDependency */,
			);
			name = MovementMonitorTests;
			productName = mattscrazyappTests;
			productReference = 6BB9237E1A6ED39D007F008F /* MovementMonitorTests.xctest */;
			productType = "com.apple.product-type.bundle.unit-test";
		};
/* End PBXNativeTarget section */

/* Begin PBXProject section */
		6BB923611A6ED39D007F008F /* Project object */ = {
			isa = PBXProject;
			attributes = {
				LastSwiftMigration = 0710;
				LastSwiftUpdateCheck = 0710;
				LastUpgradeCheck = 0710;
				ORGANIZATIONNAME = "Matt Smith";
				TargetAttributes = {
					6BB923681A6ED39D007F008F = {
						CreatedOnToolsVersion = 6.1.1;
						DevelopmentTeam = B2824ZVX59;
					};
					6BB9237D1A6ED39D007F008F = {
						CreatedOnToolsVersion = 6.1.1;
						TestTargetID = 6BB923681A6ED39D007F008F;
					};
				};
			};
			buildConfigurationList = 6BB923641A6ED39D007F008F /* Build configuration list for PBXProject "MovementMonitor" */;
			compatibilityVersion = "Xcode 3.2";
			developmentRegion = English;
			hasScannedForEncodings = 0;
			knownRegions = (
				en,
				Base,
			);
			mainGroup = 6BB923601A6ED39D007F008F;
			productRefGroup = 6BB9236A1A6ED39D007F008F /* Products */;
			projectDirPath = "";
			projectRoot = "";
			targets = (
				6BB923681A6ED39D007F008F /* MovementMonitor */,
				6BB9237D1A6ED39D007F008F /* MovementMonitorTests */,
			);
		};
/* End PBXProject section */

/* Begin PBXResourcesBuildPhase section */
		6BB923671A6ED39D007F008F /* Resources */ = {
			isa = PBXResourcesBuildPhase;
			buildActionMask = 2147483647;
			files = (
				6BB923791A6ED39D007F008F /* LaunchScreen.xib in Resources */,
				6BB923761A6ED39D007F008F /* Images.xcassets in Resources */,
			);
			runOnlyForDeploymentPostprocessing = 0;
		};
		6BB9237C1A6ED39D007F008F /* Resources */ = {
			isa = PBXResourcesBuildPhase;
			buildActionMask = 2147483647;
			files = (
			);
			runOnlyForDeploymentPostprocessing = 0;
		};
/* End PBXResourcesBuildPhase section */

/* Begin PBXShellScriptBuildPhase section */
		101371F989C09EF3B30C38FE /* Embed Pods Frameworks */ = {
			isa = PBXShellScriptBuildPhase;
			buildActionMask = 2147483647;
			files = (
			);
			inputPaths = (
			);
			name = "Embed Pods Frameworks";
			outputPaths = (
			);
			runOnlyForDeploymentPostprocessing = 0;
			shellPath = /bin/sh;
			shellScript = "\"${SRCROOT}/Pods/Target Support Files/Pods/Pods-frameworks.sh\"\n";
			showEnvVarsInLog = 0;
		};
		813DC6FE5DD4B2DEC7E6D3FD /* Check Pods Manifest.lock */ = {
			isa = PBXShellScriptBuildPhase;
			buildActionMask = 2147483647;
			files = (
			);
			inputPaths = (
			);
			name = "Check Pods Manifest.lock";
			outputPaths = (
			);
			runOnlyForDeploymentPostprocessing = 0;
			shellPath = /bin/sh;
			shellScript = "diff \"${PODS_ROOT}/../Podfile.lock\" \"${PODS_ROOT}/Manifest.lock\" > /dev/null\nif [[ $? != 0 ]] ; then\n    cat << EOM\nerror: The sandbox is not in sync with the Podfile.lock. Run 'pod install' or update your CocoaPods installation.\nEOM\n    exit 1\nfi\n";
			showEnvVarsInLog = 0;
		};
		F12CF7DFD095285B272EF9A4 /* Copy Pods Resources */ = {
			isa = PBXShellScriptBuildPhase;
			buildActionMask = 2147483647;
			files = (
			);
			inputPaths = (
			);
			name = "Copy Pods Resources";
			outputPaths = (
			);
			runOnlyForDeploymentPostprocessing = 0;
			shellPath = /bin/sh;
			shellScript = "\"${SRCROOT}/Pods/Target Support Files/Pods/Pods-resources.sh\"\n";
			showEnvVarsInLog = 0;
		};
/* End PBXShellScriptBuildPhase section */

/* Begin PBXSourcesBuildPhase section */
		6BB923651A6ED39D007F008F /* Sources */ = {
			isa = PBXSourcesBuildPhase;
			buildActionMask = 2147483647;
			files = (
				6BEA2AFA1AAF66B300B4307F /* TableViewCell.swift in Sources */,
				6B96BD421AD43FCD0030D1CC /* Sound.swift in Sources */,
				6BB9236F1A6ED39D007F008F /* AppDelegate.swift in Sources */,
				6B66F19A1A96580600220D49 /* TableViewController.swift in Sources */,
			);
			runOnlyForDeploymentPostprocessing = 0;
		};
		6BB9237A1A6ED39D007F008F /* Sources */ = {
			isa = PBXSourcesBuildPhase;
			buildActionMask = 2147483647;
			files = (
				6BB923851A6ED39D007F008F /* mattscrazyappTests.swift in Sources */,
			);
			runOnlyForDeploymentPostprocessing = 0;
		};
/* End PBXSourcesBuildPhase section */

/* Begin PBXTargetDependency section */
		6BB923801A6ED39D007F008F /* PBXTargetDependency */ = {
			isa = PBXTargetDependency;
			target = 6BB923681A6ED39D007F008F /* MovementMonitor */;
			targetProxy = 6BB9237F1A6ED39D007F008F /* PBXContainerItemProxy */;
		};
/* End PBXTargetDependency section */

/* Begin PBXVariantGroup section */
		6BB923771A6ED39D007F008F /* LaunchScreen.xib */ = {
			isa = PBXVariantGroup;
			children = (
				6BB923781A6ED39D007F008F /* Base */,
			);
			name = LaunchScreen.xib;
			sourceTree = "<group>";
		};
/* End PBXVariantGroup section */

/* Begin XCBuildConfiguration section */
		6BB923861A6ED39D007F008F /* Debug */ = {
			isa = XCBuildConfiguration;
			buildSettings = {
				ALWAYS_SEARCH_USER_PATHS = NO;
				CLANG_CXX_LANGUAGE_STANDARD = "gnu++0x";
				CLANG_CXX_LIBRARY = "libc++";
				CLANG_ENABLE_MODULES = YES;
				CLANG_ENABLE_OBJC_ARC = YES;
				CLANG_WARN_BOOL_CONVERSION = YES;
				CLANG_WARN_CONSTANT_CONVERSION = YES;
				CLANG_WARN_DIRECT_OBJC_ISA_USAGE = YES_ERROR;
				CLANG_WARN_EMPTY_BODY = YES;
				CLANG_WARN_ENUM_CONVERSION = YES;
				CLANG_WARN_INT_CONVERSION = YES;
				CLANG_WARN_OBJC_ROOT_CLASS = YES_ERROR;
				CLANG_WARN_UNREACHABLE_CODE = YES;
				CLANG_WARN__DUPLICATE_METHOD_MATCH = YES;
				CODE_SIGN_IDENTITY = "iPhone Developer";
				"CODE_SIGN_IDENTITY[sdk=iphoneos*]" = "iPhone Developer";
				COPY_PHASE_STRIP = NO;
				ENABLE_STRICT_OBJC_MSGSEND = YES;
				ENABLE_TESTABILITY = YES;
				GCC_C_LANGUAGE_STANDARD = gnu99;
				GCC_DYNAMIC_NO_PIC = NO;
				GCC_OPTIMIZATION_LEVEL = 0;
				GCC_PREPROCESSOR_DEFINITIONS = (
					"DEBUG=1",
					"$(inherited)",
				);
				GCC_SYMBOLS_PRIVATE_EXTERN = NO;
				GCC_WARN_64_TO_32_BIT_CONVERSION = YES;
				GCC_WARN_ABOUT_RETURN_TYPE = YES_ERROR;
				GCC_WARN_UNDECLARED_SELECTOR = YES;
				GCC_WARN_UNINITIALIZED_AUTOS = YES_AGGRESSIVE;
				GCC_WARN_UNUSED_FUNCTION = YES;
				GCC_WARN_UNUSED_VARIABLE = YES;
				IPHONEOS_DEPLOYMENT_TARGET = 8.3;
				MTL_ENABLE_DEBUG_INFO = YES;
				ONLY_ACTIVE_ARCH = YES;
				SDKROOT = iphoneos;
				SWIFT_OPTIMIZATION_LEVEL = "-Onone";
				TARGETED_DEVICE_FAMILY = "1,2";
			};
			name = Debug;
		};
		6BB923871A6ED39D007F008F /* Release */ = {
			isa = XCBuildConfiguration;
			buildSettings = {
				ALWAYS_SEARCH_USER_PATHS = NO;
				CLANG_CXX_LANGUAGE_STANDARD = "gnu++0x";
				CLANG_CXX_LIBRARY = "libc++";
				CLANG_ENABLE_MODULES = YES;
				CLANG_ENABLE_OBJC_ARC = YES;
				CLANG_WARN_BOOL_CONVERSION = YES;
				CLANG_WARN_CONSTANT_CONVERSION = YES;
				CLANG_WARN_DIRECT_OBJC_ISA_USAGE = YES_ERROR;
				CLANG_WARN_EMPTY_BODY = YES;
				CLANG_WARN_ENUM_CONVERSION = YES;
				CLANG_WARN_INT_CONVERSION = YES;
				CLANG_WARN_OBJC_ROOT_CLASS = YES_ERROR;
				CLANG_WARN_UNREACHABLE_CODE = YES;
				CLANG_WARN__DUPLICATE_METHOD_MATCH = YES;
				CODE_SIGN_IDENTITY = "iPhone Developer";
				"CODE_SIGN_IDENTITY[sdk=iphoneos*]" = "iPhone Developer";
				COPY_PHASE_STRIP = YES;
				ENABLE_NS_ASSERTIONS = NO;
				ENABLE_STRICT_OBJC_MSGSEND = YES;
				GCC_C_LANGUAGE_STANDARD = gnu99;
				GCC_WARN_64_TO_32_BIT_CONVERSION = YES;
				GCC_WARN_ABOUT_RETURN_TYPE = YES_ERROR;
				GCC_WARN_UNDECLARED_SELECTOR = YES;
				GCC_WARN_UNINITIALIZED_AUTOS = YES_AGGRESSIVE;
				GCC_WARN_UNUSED_FUNCTION = YES;
				GCC_WARN_UNUSED_VARIABLE = YES;
				IPHONEOS_DEPLOYMENT_TARGET = 8.3;
				MTL_ENABLE_DEBUG_INFO = NO;
				SDKROOT = iphoneos;
				TARGETED_DEVICE_FAMILY = "1,2";
				VALIDATE_PRODUCT = YES;
			};
			name = Release;
		};
		6BB923891A6ED39D007F008F /* Debug */ = {
			isa = XCBuildConfiguration;
			baseConfigurationReference = 2FC287D51CCC083461E7EE42 /* Pods.debug.xcconfig */;
			buildSettings = {
				ASSETCATALOG_COMPILER_APPICON_NAME = AppIcon;
				CODE_SIGN_IDENTITY = "iPhone Developer";
				"CODE_SIGN_IDENTITY[sdk=iphoneos*]" = "iPhone Developer";
				INFOPLIST_FILE = "$(SRCROOT)/MovementMonitor/Info.plist";
				LD_RUNPATH_SEARCH_PATHS = "$(inherited) @executable_path/Frameworks";
				PRODUCT_BUNDLE_IDENTIFIER = edu.clemson.robomonitor;
				PRODUCT_NAME = MovementMonitor;
				PROVISIONING_PROFILE = "";
			};
			name = Debug;
		};
		6BB9238A1A6ED39D007F008F /* Release */ = {
			isa = XCBuildConfiguration;
			baseConfigurationReference = 60BC485937E774C443DB82A1 /* Pods.release.xcconfig */;
			buildSettings = {
				ASSETCATALOG_COMPILER_APPICON_NAME = AppIcon;
				CODE_SIGN_IDENTITY = "iPhone Developer";
				"CODE_SIGN_IDENTITY[sdk=iphoneos*]" = "iPhone Developer";
				INFOPLIST_FILE = "$(SRCROOT)/MovementMonitor/Info.plist";
				LD_RUNPATH_SEARCH_PATHS = "$(inherited) @executable_path/Frameworks";
				PRODUCT_BUNDLE_IDENTIFIER = edu.clemson.robomonitor;
				PRODUCT_NAME = MovementMonitor;
				PROVISIONING_PROFILE = "";
			};
			name = Release;
		};
		6BB9238C1A6ED39D007F008F /* Debug */ = {
			isa = XCBuildConfiguration;
			buildSettings = {
				BUNDLE_LOADER = "$(TEST_HOST)";
				FRAMEWORK_SEARCH_PATHS = (
					"$(SDKROOT)/Developer/Library/Frameworks",
					"$(inherited)",
				);
				GCC_PREPROCESSOR_DEFINITIONS = (
					"DEBUG=1",
					"$(inherited)",
				);
				INFOPLIST_FILE = MovementMonitorTests/Info.plist;
				LD_RUNPATH_SEARCH_PATHS = "$(inherited) @executable_path/Frameworks @loader_path/Frameworks";
				PRODUCT_BUNDLE_IDENTIFIER = "edu.clemson.$(PRODUCT_NAME:rfc1034identifier)";
				PRODUCT_NAME = MovementMonitorTests;
				TEST_HOST = "$(BUILT_PRODUCTS_DIR)/MovementMonitor.app/MovementMonitor";
			};
			name = Debug;
		};
		6BB9238D1A6ED39D007F008F /* Release */ = {
			isa = XCBuildConfiguration;
			buildSettings = {
				BUNDLE_LOADER = "$(TEST_HOST)";
				FRAMEWORK_SEARCH_PATHS = (
					"$(SDKROOT)/Developer/Library/Frameworks",
					"$(inherited)",
				);
				INFOPLIST_FILE = MovementMonitorTests/Info.plist;
				LD_RUNPATH_SEARCH_PATHS = "$(inherited) @executable_path/Frameworks @loader_path/Frameworks";
				PRODUCT_BUNDLE_IDENTIFIER = "edu.clemson.$(PRODUCT_NAME:rfc1034identifier)";
				PRODUCT_NAME = MovementMonitorTests;
				TEST_HOST = "$(BUILT_PRODUCTS_DIR)/MovementMonitor.app/MovementMonitor";
			};
			name = Release;
		};
/* End XCBuildConfiguration section */

/* Begin XCConfigurationList section */
		6BB923641A6ED39D007F008F /* Build configuration list for PBXProject "MovementMonitor" */ = {
			isa = XCConfigurationList;
			buildConfigurations = (
				6BB923861A6ED39D007F008F /* Debug */,
				6BB923871A6ED39D007F008F /* Release */,
			);
			defaultConfigurationIsVisible = 0;
			defaultConfigurationName = Release;
		};
		6BB923881A6ED39D007F008F /* Build configuration list for PBXNativeTarget "MovementMonitor" */ = {
			isa = XCConfigurationList;
			buildConfigurations = (
				6BB923891A6ED39D007F008F /* Debug */,
				6BB9238A1A6ED39D007F008F /* Release */,
			);
			defaultConfigurationIsVisible = 0;
			defaultConfigurationName = Release;
		};
		6BB9238B1A6ED39D007F008F /* Build configuration list for PBXNativeTarget "MovementMonitorTests" */ = {
			isa = XCConfigurationList;
			buildConfigurations = (
				6BB9238C1A6ED39D007F008F /* Debug */,
				6BB9238D1A6ED39D007F008F /* Release */,
			);
			defaultConfigurationIsVisible = 0;
			defaultConfigurationName = Release;
		};
/* End XCConfigurationList section */
	};
	rootObject = 6BB923611A6ED39D007F008F /* Project object */;
}
